// !$*UTF8*$!
{
	archiveVersion = 1;
	classes = {
	};
	objectVersion = 54;
	objects = {

/* Begin PBXBuildFile section */
		058557BB273AAA24004C7B11 /* Assets.xcassets in Resources */ = {isa = PBXBuildFile; fileRef = 058557BA273AAA24004C7B11 /* Assets.xcassets */; };
		058557D9273AAEEB004C7B11 /* Preview Assets.xcassets in Resources */ = {isa = PBXBuildFile; fileRef = 058557D8273AAEEB004C7B11 /* Preview Assets.xcassets */; };
		2152FB042600AC8F00CF470E /* iOSApp.swift in Sources */ = {isa = PBXBuildFile; fileRef = 2152FB032600AC8F00CF470E /* iOSApp.swift */; };
		932B1E062B3F669C00CAC851 /* SwiftyJSON in Frameworks */ = {isa = PBXBuildFile; productRef = 932B1E052B3F669C00CAC851 /* SwiftyJSON */; };
		93344F4D2AFC22010045541A /* SwiftyJSON in Frameworks */ = {isa = PBXBuildFile; productRef = 93344F4C2AFC22010045541A /* SwiftyJSON */; };
		9339CC502B4B526D000DA3FC /* NFCWriter.swift in Sources */ = {isa = PBXBuildFile; fileRef = 9339CC4F2B4B526D000DA3FC /* NFCWriter.swift */; };
		9339CC542B4B5DAB000DA3FC /* MeetingsListView.swift in Sources */ = {isa = PBXBuildFile; fileRef = 9339CC532B4B5DAB000DA3FC /* MeetingsListView.swift */; };
		9339CC572B4B5EA9000DA3FC /* MeetingBar.swift in Sources */ = {isa = PBXBuildFile; fileRef = 9339CC562B4B5EA9000DA3FC /* MeetingBar.swift */; };
		9339CC5A2B4B6125000DA3FC /* MeetingCreationView.swift in Sources */ = {isa = PBXBuildFile; fileRef = 9339CC592B4B6125000DA3FC /* MeetingCreationView.swift */; };
		9339CC5D2B4C7368000DA3FC /* AttendedMeetingsView.swift in Sources */ = {isa = PBXBuildFile; fileRef = 9339CC5C2B4C7368000DA3FC /* AttendedMeetingsView.swift */; };
		93418D9B2A5BC3F300336A62 /* SettingsView.swift in Sources */ = {isa = PBXBuildFile; fileRef = 93418D9A2A5BC3F300336A62 /* SettingsView.swift */; };
		93418D9D2A5BC4D100336A62 /* ScoutingView.swift in Sources */ = {isa = PBXBuildFile; fileRef = 93418D9C2A5BC4D100336A62 /* ScoutingView.swift */; };
		93418DE42A5E362600336A62 /* UserView.swift in Sources */ = {isa = PBXBuildFile; fileRef = 93418DE32A5E362600336A62 /* UserView.swift */; };
		93418DE62A5E362D00336A62 /* UserBar.swift in Sources */ = {isa = PBXBuildFile; fileRef = 93418DE52A5E362D00336A62 /* UserBar.swift */; };
		934A04D62B54DA0D00B2D145 /* DateHelpers.swift in Sources */ = {isa = PBXBuildFile; fileRef = 934A04D52B54DA0D00B2D145 /* DateHelpers.swift */; };
		934A04D72B54DA0D00B2D145 /* DateHelpers.swift in Sources */ = {isa = PBXBuildFile; fileRef = 934A04D52B54DA0D00B2D145 /* DateHelpers.swift */; };
		934F47272B413AF0009DA4FA /* AuthenticationView.swift in Sources */ = {isa = PBXBuildFile; fileRef = 934F47262B413AF0009DA4FA /* AuthenticationView.swift */; };
		9351D1C22B4E4DDC00148E8D /* KeychainSwift in Frameworks */ = {isa = PBXBuildFile; productRef = 9351D1C12B4E4DDC00148E8D /* KeychainSwift */; };
		9351D1F42B4F4D9500148E8D /* VerifyUsersView.swift in Sources */ = {isa = PBXBuildFile; fileRef = 9351D1F32B4F4D9500148E8D /* VerifyUsersView.swift */; };
		9351D1F72B4F500300148E8D /* MeetingView.swift in Sources */ = {isa = PBXBuildFile; fileRef = 9351D1F62B4F500300148E8D /* MeetingView.swift */; };
		9351D1FA2B50032900148E8D /* NFCReader.swift in Sources */ = {isa = PBXBuildFile; fileRef = 9351D1F92B50032900148E8D /* NFCReader.swift */; };
		9351D2042B53A12200148E8D /* MeetingBar.swift in Sources */ = {isa = PBXBuildFile; fileRef = 9339CC562B4B5EA9000DA3FC /* MeetingBar.swift */; };
		9351D2052B53A12200148E8D /* SettingsView.swift in Sources */ = {isa = PBXBuildFile; fileRef = 93418D9A2A5BC3F300336A62 /* SettingsView.swift */; };
		9351D2062B53A12200148E8D /* ChargedUpFormView.swift in Sources */ = {isa = PBXBuildFile; fileRef = 93844FFA2ADB29E1003EE764 /* ChargedUpFormView.swift */; };
		9351D2072B53A12200148E8D /* AccountCreationView.swift in Sources */ = {isa = PBXBuildFile; fileRef = 93B9EAD42A5F4FB800D5B8A8 /* AccountCreationView.swift */; };
		9351D2082B53A12200148E8D /* AttendanceView.swift in Sources */ = {isa = PBXBuildFile; fileRef = 93790E382AA921690003203D /* AttendanceView.swift */; };
		9351D2092B53A12200148E8D /* HomeView.swift in Sources */ = {isa = PBXBuildFile; fileRef = 93B9EACA2A5E800700D5B8A8 /* HomeView.swift */; };
		9351D20A2B53A12200148E8D /* helpfulVars.swift in Sources */ = {isa = PBXBuildFile; fileRef = 93B615152AE715F900732A3F /* helpfulVars.swift */; };
		9351D20B2B53A12200148E8D /* MeetingCreationView.swift in Sources */ = {isa = PBXBuildFile; fileRef = 9339CC592B4B6125000DA3FC /* MeetingCreationView.swift */; };
		9351D20C2B53A12200148E8D /* NFCReader.swift in Sources */ = {isa = PBXBuildFile; fileRef = 9351D1F92B50032900148E8D /* NFCReader.swift */; };
		9351D20D2B53A12200148E8D /* UserBar.swift in Sources */ = {isa = PBXBuildFile; fileRef = 93418DE52A5E362D00336A62 /* UserBar.swift */; };
		9351D20E2B53A12200148E8D /* UserView.swift in Sources */ = {isa = PBXBuildFile; fileRef = 93418DE32A5E362600336A62 /* UserView.swift */; };
		9351D20F2B53A12200148E8D /* BugReportView.swift in Sources */ = {isa = PBXBuildFile; fileRef = 93B9EAA72A5E5BA900D5B8A8 /* BugReportView.swift */; };
		9351D2102B53A12200148E8D /* DirectoryBar.swift in Sources */ = {isa = PBXBuildFile; fileRef = 93B9EAC82A5E781D00D5B8A8 /* DirectoryBar.swift */; };
		9351D2112B53A12200148E8D /* DirectoryView.swift in Sources */ = {isa = PBXBuildFile; fileRef = 93B9EAC22A5E778C00D5B8A8 /* DirectoryView.swift */; };
		9351D2122B53A12200148E8D /* CircularProgressView.swift in Sources */ = {isa = PBXBuildFile; fileRef = 93719C872AC0B35300E29446 /* CircularProgressView.swift */; };
		9351D2132B53A12200148E8D /* ScoutingView.swift in Sources */ = {isa = PBXBuildFile; fileRef = 93418D9C2A5BC4D100336A62 /* ScoutingView.swift */; };
		9351D2142B53A12200148E8D /* ForgotPasswordView.swift in Sources */ = {isa = PBXBuildFile; fileRef = 93B9EAEC2A67211600D5B8A8 /* ForgotPasswordView.swift */; };
		9351D2152B53A12200148E8D /* NFCButton.swift in Sources */ = {isa = PBXBuildFile; fileRef = 93B6154F2AEA163200732A3F /* NFCButton.swift */; };
		9351D2162B53A12200148E8D /* MeetingView.swift in Sources */ = {isa = PBXBuildFile; fileRef = 9351D1F62B4F500300148E8D /* MeetingView.swift */; };
		9351D2172B53A12200148E8D /* LoginView.swift in Sources */ = {isa = PBXBuildFile; fileRef = 93B9EAD02A5F387A00D5B8A8 /* LoginView.swift */; };
		9351D2182B53A12200148E8D /* AccountView.swift in Sources */ = {isa = PBXBuildFile; fileRef = 93B9EAA92A5E5BD500D5B8A8 /* AccountView.swift */; };
		9351D2192B53A12200148E8D /* ScoutingFormView.swift in Sources */ = {isa = PBXBuildFile; fileRef = 93B9EACE2A5E803100D5B8A8 /* ScoutingFormView.swift */; };
		9351D21A2B53A12200148E8D /* iOSApp.swift in Sources */ = {isa = PBXBuildFile; fileRef = 2152FB032600AC8F00CF470E /* iOSApp.swift */; };
		9351D21C2B53A12200148E8D /* VerifyUsersView.swift in Sources */ = {isa = PBXBuildFile; fileRef = 9351D1F32B4F4D9500148E8D /* VerifyUsersView.swift */; };
		9351D21D2B53A12200148E8D /* AttendedMeetingsView.swift in Sources */ = {isa = PBXBuildFile; fileRef = 9339CC5C2B4C7368000DA3FC /* AttendedMeetingsView.swift */; };
		9351D21E2B53A12200148E8D /* MeetingsListView.swift in Sources */ = {isa = PBXBuildFile; fileRef = 9339CC532B4B5DAB000DA3FC /* MeetingsListView.swift */; };
		9351D21F2B53A12200148E8D /* NFCWriter.swift in Sources */ = {isa = PBXBuildFile; fileRef = 9339CC4F2B4B526D000DA3FC /* NFCWriter.swift */; };
		9351D2202B53A12200148E8D /* UserStateViewModel.swift in Sources */ = {isa = PBXBuildFile; fileRef = 93B9EAE52A65E0FA00D5B8A8 /* UserStateViewModel.swift */; };
		9351D2212B53A12200148E8D /* AuthenticationView.swift in Sources */ = {isa = PBXBuildFile; fileRef = 934F47262B413AF0009DA4FA /* AuthenticationView.swift */; };
		9351D2232B53A12200148E8D /* KeychainSwift in Frameworks */ = {isa = PBXBuildFile; productRef = 9351D2002B53A12200148E8D /* KeychainSwift */; };
		9351D2242B53A12200148E8D /* SwiftyJSON in Frameworks */ = {isa = PBXBuildFile; productRef = 9351D1FF2B53A12200148E8D /* SwiftyJSON */; };
		9351D2252B53A12200148E8D /* SwiftyJSON in Frameworks */ = {isa = PBXBuildFile; productRef = 9351D1FD2B53A12200148E8D /* SwiftyJSON */; };
		9351D2272B53A12200148E8D /* Preview Assets.xcassets in Resources */ = {isa = PBXBuildFile; fileRef = 058557D8273AAEEB004C7B11 /* Preview Assets.xcassets */; };
		9351D2282B53A12200148E8D /* Assets.xcassets in Resources */ = {isa = PBXBuildFile; fileRef = 058557BA273AAA24004C7B11 /* Assets.xcassets */; };
		9351D2292B53A12200148E8D /* LaunchScreen.storyboard in Resources */ = {isa = PBXBuildFile; fileRef = 93DB394C2AF9701000F257BE /* LaunchScreen.storyboard */; };
		93719C882AC0B35300E29446 /* CircularProgressView.swift in Sources */ = {isa = PBXBuildFile; fileRef = 93719C872AC0B35300E29446 /* CircularProgressView.swift */; };
		93790E392AA921690003203D /* AttendanceView.swift in Sources */ = {isa = PBXBuildFile; fileRef = 93790E382AA921690003203D /* AttendanceView.swift */; };
		93844FFB2ADB29E1003EE764 /* ChargedUpFormView.swift in Sources */ = {isa = PBXBuildFile; fileRef = 93844FFA2ADB29E1003EE764 /* ChargedUpFormView.swift */; };
		93B615162AE715F900732A3F /* helpfulVars.swift in Sources */ = {isa = PBXBuildFile; fileRef = 93B615152AE715F900732A3F /* helpfulVars.swift */; };
		93B615502AEA163200732A3F /* NFCButton.swift in Sources */ = {isa = PBXBuildFile; fileRef = 93B6154F2AEA163200732A3F /* NFCButton.swift */; };
		93B9EAA82A5E5BA900D5B8A8 /* BugReportView.swift in Sources */ = {isa = PBXBuildFile; fileRef = 93B9EAA72A5E5BA900D5B8A8 /* BugReportView.swift */; };
		93B9EAAA2A5E5BD500D5B8A8 /* AccountView.swift in Sources */ = {isa = PBXBuildFile; fileRef = 93B9EAA92A5E5BD500D5B8A8 /* AccountView.swift */; };
		93B9EAC32A5E778C00D5B8A8 /* DirectoryView.swift in Sources */ = {isa = PBXBuildFile; fileRef = 93B9EAC22A5E778C00D5B8A8 /* DirectoryView.swift */; };
		93B9EAC92A5E781D00D5B8A8 /* DirectoryBar.swift in Sources */ = {isa = PBXBuildFile; fileRef = 93B9EAC82A5E781D00D5B8A8 /* DirectoryBar.swift */; };
		93B9EACB2A5E800700D5B8A8 /* HomeView.swift in Sources */ = {isa = PBXBuildFile; fileRef = 93B9EACA2A5E800700D5B8A8 /* HomeView.swift */; };
		93B9EACF2A5E803100D5B8A8 /* ScoutingFormView.swift in Sources */ = {isa = PBXBuildFile; fileRef = 93B9EACE2A5E803100D5B8A8 /* ScoutingFormView.swift */; };
		93B9EAD12A5F387A00D5B8A8 /* LoginView.swift in Sources */ = {isa = PBXBuildFile; fileRef = 93B9EAD02A5F387A00D5B8A8 /* LoginView.swift */; };
		93B9EAD52A5F4FB800D5B8A8 /* AccountCreationView.swift in Sources */ = {isa = PBXBuildFile; fileRef = 93B9EAD42A5F4FB800D5B8A8 /* AccountCreationView.swift */; };
		93B9EAE62A65E0FA00D5B8A8 /* UserStateViewModel.swift in Sources */ = {isa = PBXBuildFile; fileRef = 93B9EAE52A65E0FA00D5B8A8 /* UserStateViewModel.swift */; };
		93B9EAED2A67211600D5B8A8 /* ForgotPasswordView.swift in Sources */ = {isa = PBXBuildFile; fileRef = 93B9EAEC2A67211600D5B8A8 /* ForgotPasswordView.swift */; };
		93DB394D2AF9701000F257BE /* LaunchScreen.storyboard in Resources */ = {isa = PBXBuildFile; fileRef = 93DB394C2AF9701000F257BE /* LaunchScreen.storyboard */; };
/* End PBXBuildFile section */

/* Begin PBXFileReference section */
		058557BA273AAA24004C7B11 /* Assets.xcassets */ = {isa = PBXFileReference; lastKnownFileType = folder.assetcatalog; path = Assets.xcassets; sourceTree = "<group>"; };
		058557D8273AAEEB004C7B11 /* Preview Assets.xcassets */ = {isa = PBXFileReference; lastKnownFileType = folder.assetcatalog; path = "Preview Assets.xcassets"; sourceTree = "<group>"; };
		2152FB032600AC8F00CF470E /* iOSApp.swift */ = {isa = PBXFileReference; lastKnownFileType = sourcecode.swift; path = iOSApp.swift; sourceTree = "<group>"; };
		7555FF7B242A565900829871 /* E-Motion.app */ = {isa = PBXFileReference; explicitFileType = wrapper.application; includeInIndex = 0; path = "E-Motion.app"; sourceTree = BUILT_PRODUCTS_DIR; };
		7555FF8C242A565B00829871 /* Info.plist */ = {isa = PBXFileReference; lastKnownFileType = text.plist.xml; path = Info.plist; sourceTree = "<group>"; };
		9339CC4F2B4B526D000DA3FC /* NFCWriter.swift */ = {isa = PBXFileReference; lastKnownFileType = sourcecode.swift; path = NFCWriter.swift; sourceTree = "<group>"; };
		9339CC532B4B5DAB000DA3FC /* MeetingsListView.swift */ = {isa = PBXFileReference; lastKnownFileType = sourcecode.swift; path = MeetingsListView.swift; sourceTree = "<group>"; };
		9339CC562B4B5EA9000DA3FC /* MeetingBar.swift */ = {isa = PBXFileReference; lastKnownFileType = sourcecode.swift; path = MeetingBar.swift; sourceTree = "<group>"; };
		9339CC592B4B6125000DA3FC /* MeetingCreationView.swift */ = {isa = PBXFileReference; lastKnownFileType = sourcecode.swift; path = MeetingCreationView.swift; sourceTree = "<group>"; };
		9339CC5C2B4C7368000DA3FC /* AttendedMeetingsView.swift */ = {isa = PBXFileReference; lastKnownFileType = sourcecode.swift; path = AttendedMeetingsView.swift; sourceTree = "<group>"; };
		93418D9A2A5BC3F300336A62 /* SettingsView.swift */ = {isa = PBXFileReference; lastKnownFileType = sourcecode.swift; path = SettingsView.swift; sourceTree = "<group>"; };
		93418D9C2A5BC4D100336A62 /* ScoutingView.swift */ = {isa = PBXFileReference; lastKnownFileType = sourcecode.swift; path = ScoutingView.swift; sourceTree = "<group>"; };
		93418DE32A5E362600336A62 /* UserView.swift */ = {isa = PBXFileReference; lastKnownFileType = sourcecode.swift; path = UserView.swift; sourceTree = "<group>"; };
		93418DE52A5E362D00336A62 /* UserBar.swift */ = {isa = PBXFileReference; lastKnownFileType = sourcecode.swift; path = UserBar.swift; sourceTree = "<group>"; };
		934A04D52B54DA0D00B2D145 /* DateHelpers.swift */ = {isa = PBXFileReference; lastKnownFileType = sourcecode.swift; path = DateHelpers.swift; sourceTree = "<group>"; };
		934F47262B413AF0009DA4FA /* AuthenticationView.swift */ = {isa = PBXFileReference; lastKnownFileType = sourcecode.swift; path = AuthenticationView.swift; sourceTree = "<group>"; };
		9351D1F32B4F4D9500148E8D /* VerifyUsersView.swift */ = {isa = PBXFileReference; lastKnownFileType = sourcecode.swift; path = VerifyUsersView.swift; sourceTree = "<group>"; };
		9351D1F62B4F500300148E8D /* MeetingView.swift */ = {isa = PBXFileReference; lastKnownFileType = sourcecode.swift; path = MeetingView.swift; sourceTree = "<group>"; };
		9351D1F92B50032900148E8D /* NFCReader.swift */ = {isa = PBXFileReference; lastKnownFileType = sourcecode.swift; path = NFCReader.swift; sourceTree = "<group>"; };
		9351D22D2B53A12200148E8D /* E-Motion Dev.app */ = {isa = PBXFileReference; explicitFileType = wrapper.application; includeInIndex = 0; path = "E-Motion Dev.app"; sourceTree = BUILT_PRODUCTS_DIR; };
		9351D22E2B53A12200148E8D /* E-Motion copy-Info.plist */ = {isa = PBXFileReference; lastKnownFileType = text.plist.xml; name = "E-Motion copy-Info.plist"; path = "/Users/jasonballinger/Desktop/teamapp/iosApp/E-Motion copy-Info.plist"; sourceTree = "<absolute>"; };
		93719C872AC0B35300E29446 /* CircularProgressView.swift */ = {isa = PBXFileReference; lastKnownFileType = sourcecode.swift; path = CircularProgressView.swift; sourceTree = "<group>"; };
		93790E382AA921690003203D /* AttendanceView.swift */ = {isa = PBXFileReference; lastKnownFileType = sourcecode.swift; path = AttendanceView.swift; sourceTree = "<group>"; };
		93790E3C2AA92D800003203D /* Σ-Motion.entitlements */ = {isa = PBXFileReference; lastKnownFileType = text.plist.entitlements; path = "Σ-Motion.entitlements"; sourceTree = "<group>"; };
		93844FFA2ADB29E1003EE764 /* ChargedUpFormView.swift */ = {isa = PBXFileReference; lastKnownFileType = sourcecode.swift; path = ChargedUpFormView.swift; sourceTree = "<group>"; };
		93B615152AE715F900732A3F /* helpfulVars.swift */ = {isa = PBXFileReference; lastKnownFileType = sourcecode.swift; path = helpfulVars.swift; sourceTree = "<group>"; };
		93B6154F2AEA163200732A3F /* NFCButton.swift */ = {isa = PBXFileReference; lastKnownFileType = sourcecode.swift; path = NFCButton.swift; sourceTree = "<group>"; };
		93B9EAA72A5E5BA900D5B8A8 /* BugReportView.swift */ = {isa = PBXFileReference; lastKnownFileType = sourcecode.swift; path = BugReportView.swift; sourceTree = "<group>"; };
		93B9EAA92A5E5BD500D5B8A8 /* AccountView.swift */ = {isa = PBXFileReference; lastKnownFileType = sourcecode.swift; path = AccountView.swift; sourceTree = "<group>"; };
		93B9EAC22A5E778C00D5B8A8 /* DirectoryView.swift */ = {isa = PBXFileReference; lastKnownFileType = sourcecode.swift; path = DirectoryView.swift; sourceTree = "<group>"; };
		93B9EAC82A5E781D00D5B8A8 /* DirectoryBar.swift */ = {isa = PBXFileReference; lastKnownFileType = sourcecode.swift; path = DirectoryBar.swift; sourceTree = "<group>"; };
		93B9EACA2A5E800700D5B8A8 /* HomeView.swift */ = {isa = PBXFileReference; lastKnownFileType = sourcecode.swift; path = HomeView.swift; sourceTree = "<group>"; };
		93B9EACE2A5E803100D5B8A8 /* ScoutingFormView.swift */ = {isa = PBXFileReference; lastKnownFileType = sourcecode.swift; path = ScoutingFormView.swift; sourceTree = "<group>"; };
		93B9EAD02A5F387A00D5B8A8 /* LoginView.swift */ = {isa = PBXFileReference; lastKnownFileType = sourcecode.swift; path = LoginView.swift; sourceTree = "<group>"; };
		93B9EAD42A5F4FB800D5B8A8 /* AccountCreationView.swift */ = {isa = PBXFileReference; lastKnownFileType = sourcecode.swift; path = AccountCreationView.swift; sourceTree = "<group>"; };
		93B9EAE52A65E0FA00D5B8A8 /* UserStateViewModel.swift */ = {isa = PBXFileReference; lastKnownFileType = sourcecode.swift; path = UserStateViewModel.swift; sourceTree = "<group>"; };
		93B9EAEC2A67211600D5B8A8 /* ForgotPasswordView.swift */ = {isa = PBXFileReference; lastKnownFileType = sourcecode.swift; path = ForgotPasswordView.swift; sourceTree = "<group>"; };
		93DB394C2AF9701000F257BE /* LaunchScreen.storyboard */ = {isa = PBXFileReference; lastKnownFileType = file.storyboard; path = LaunchScreen.storyboard; sourceTree = "<group>"; };
/* End PBXFileReference section */

/* Begin PBXFrameworksBuildPhase section */
		7555FF78242A565900829871 /* Frameworks */ = {
			isa = PBXFrameworksBuildPhase;
			buildActionMask = 2147483647;
			files = (
				9351D1C22B4E4DDC00148E8D /* KeychainSwift in Frameworks */,
				932B1E062B3F669C00CAC851 /* SwiftyJSON in Frameworks */,
				93344F4D2AFC22010045541A /* SwiftyJSON in Frameworks */,
			);
			runOnlyForDeploymentPostprocessing = 0;
		};
		9351D2222B53A12200148E8D /* Frameworks */ = {
			isa = PBXFrameworksBuildPhase;
			buildActionMask = 2147483647;
			files = (
				9351D2232B53A12200148E8D /* KeychainSwift in Frameworks */,
				9351D2242B53A12200148E8D /* SwiftyJSON in Frameworks */,
				9351D2252B53A12200148E8D /* SwiftyJSON in Frameworks */,
			);
			runOnlyForDeploymentPostprocessing = 0;
		};
/* End PBXFrameworksBuildPhase section */

/* Begin PBXGroup section */
		058557D7273AAEEB004C7B11 /* Preview Content */ = {
			isa = PBXGroup;
			children = (
				058557D8273AAEEB004C7B11 /* Preview Assets.xcassets */,
			);
			path = "Preview Content";
			sourceTree = "<group>";
		};
		7555FF72242A565900829871 = {
			isa = PBXGroup;
			children = (
				93790E3C2AA92D800003203D /* Σ-Motion.entitlements */,
				7555FF7D242A565900829871 /* iosApp */,
				7555FF7C242A565900829871 /* Products */,
				7555FFB0242A642200829871 /* Frameworks */,
				9351D22E2B53A12200148E8D /* E-Motion copy-Info.plist */,
			);
			sourceTree = "<group>";
		};
		7555FF7C242A565900829871 /* Products */ = {
			isa = PBXGroup;
			children = (
				7555FF7B242A565900829871 /* E-Motion.app */,
				9351D22D2B53A12200148E8D /* E-Motion Dev.app */,
			);
			name = Products;
			sourceTree = "<group>";
		};
		7555FF7D242A565900829871 /* iosApp */ = {
			isa = PBXGroup;
			children = (
				93719C842AC0B33200E29446 /* Elements */,
				93790E3F2AA930CC0003203D /* Helpers */,
				93418DE02A5E348E00336A62 /* Authentication */,
				93418DA22A5C852900336A62 /* Tabs */,
				058557BA273AAA24004C7B11 /* Assets.xcassets */,
				7555FF8C242A565B00829871 /* Info.plist */,
				2152FB032600AC8F00CF470E /* iOSApp.swift */,
				93B9EAE52A65E0FA00D5B8A8 /* UserStateViewModel.swift */,
				058557D7273AAEEB004C7B11 /* Preview Content */,
				93DB394C2AF9701000F257BE /* LaunchScreen.storyboard */,
			);
			path = iosApp;
			sourceTree = "<group>";
		};
		7555FFB0242A642200829871 /* Frameworks */ = {
			isa = PBXGroup;
			children = (
			);
			name = Frameworks;
			sourceTree = "<group>";
		};
		9339CC522B4B5D9A000DA3FC /* Attendance */ = {
			isa = PBXGroup;
			children = (
				93790E382AA921690003203D /* AttendanceView.swift */,
				9339CC532B4B5DAB000DA3FC /* MeetingsListView.swift */,
				9339CC562B4B5EA9000DA3FC /* MeetingBar.swift */,
				9339CC592B4B6125000DA3FC /* MeetingCreationView.swift */,
				9339CC5C2B4C7368000DA3FC /* AttendedMeetingsView.swift */,
				9351D1F62B4F500300148E8D /* MeetingView.swift */,
			);
			path = Attendance;
			sourceTree = "<group>";
		};
		93418DA22A5C852900336A62 /* Tabs */ = {
			isa = PBXGroup;
			children = (
				9339CC522B4B5D9A000DA3FC /* Attendance */,
				93B9EACA2A5E800700D5B8A8 /* HomeView.swift */,
				93B9EAE72A65E4C700D5B8A8 /* Scouting */,
				93B9EAE82A65E4D000D5B8A8 /* Directory */,
				93418DDD2A5E32EF00336A62 /* Settings */,
			);
			path = Tabs;
			sourceTree = "<group>";
		};
		93418DDD2A5E32EF00336A62 /* Settings */ = {
			isa = PBXGroup;
			children = (
				93418D9A2A5BC3F300336A62 /* SettingsView.swift */,
				93B9EAE92A65E4FB00D5B8A8 /* User */,
				93B9EAA72A5E5BA900D5B8A8 /* BugReportView.swift */,
				93B9EAA92A5E5BD500D5B8A8 /* AccountView.swift */,
			);
			path = Settings;
			sourceTree = "<group>";
		};
		93418DE02A5E348E00336A62 /* Authentication */ = {
			isa = PBXGroup;
			children = (
				93B9EAD02A5F387A00D5B8A8 /* LoginView.swift */,
				93B9EAD42A5F4FB800D5B8A8 /* AccountCreationView.swift */,
				93B9EAEC2A67211600D5B8A8 /* ForgotPasswordView.swift */,
				934F47262B413AF0009DA4FA /* AuthenticationView.swift */,
			);
			path = Authentication;
			sourceTree = "<group>";
		};
		93719C842AC0B33200E29446 /* Elements */ = {
			isa = PBXGroup;
			children = (
				93719C872AC0B35300E29446 /* CircularProgressView.swift */,
				93B6154F2AEA163200732A3F /* NFCButton.swift */,
				9339CC4F2B4B526D000DA3FC /* NFCWriter.swift */,
				9351D1F92B50032900148E8D /* NFCReader.swift */,
			);
			path = Elements;
			sourceTree = "<group>";
		};
		93790E3F2AA930CC0003203D /* Helpers */ = {
			isa = PBXGroup;
			children = (
				93B615152AE715F900732A3F /* helpfulVars.swift */,
				934A04D52B54DA0D00B2D145 /* DateHelpers.swift */,
			);
			path = Helpers;
			sourceTree = "<group>";
		};
		93844FF92ADB29D8003EE764 /* ChargedUp */ = {
			isa = PBXGroup;
			children = (
				93844FFA2ADB29E1003EE764 /* ChargedUpFormView.swift */,
			);
			path = ChargedUp;
			sourceTree = "<group>";
		};
		93B9EAE72A65E4C700D5B8A8 /* Scouting */ = {
			isa = PBXGroup;
			children = (
				93844FF92ADB29D8003EE764 /* ChargedUp */,
				93418D9C2A5BC4D100336A62 /* ScoutingView.swift */,
				93B9EACE2A5E803100D5B8A8 /* ScoutingFormView.swift */,
			);
			path = Scouting;
			sourceTree = "<group>";
		};
		93B9EAE82A65E4D000D5B8A8 /* Directory */ = {
			isa = PBXGroup;
			children = (
				93B9EAC22A5E778C00D5B8A8 /* DirectoryView.swift */,
				93B9EAC82A5E781D00D5B8A8 /* DirectoryBar.swift */,
				9351D1F32B4F4D9500148E8D /* VerifyUsersView.swift */,
			);
			path = Directory;
			sourceTree = "<group>";
		};
		93B9EAE92A65E4FB00D5B8A8 /* User */ = {
			isa = PBXGroup;
			children = (
				93418DE32A5E362600336A62 /* UserView.swift */,
				93418DE52A5E362D00336A62 /* UserBar.swift */,
			);
			path = User;
			sourceTree = "<group>";
		};
/* End PBXGroup section */

/* Begin PBXNativeTarget section */
		7555FF7A242A565900829871 /* E-Motion */ = {
			isa = PBXNativeTarget;
			buildConfigurationList = 7555FFA5242A565B00829871 /* Build configuration list for PBXNativeTarget "E-Motion" */;
			buildPhases = (
				7555FFB5242A651A00829871 /* ShellScript */,
				7555FF77242A565900829871 /* Sources */,
				7555FF78242A565900829871 /* Frameworks */,
				7555FF79242A565900829871 /* Resources */,
			);
			buildRules = (
			);
			dependencies = (
			);
			name = "E-Motion";
			packageProductDependencies = (
				93344F4C2AFC22010045541A /* SwiftyJSON */,
				932B1E052B3F669C00CAC851 /* SwiftyJSON */,
				9351D1C12B4E4DDC00148E8D /* KeychainSwift */,
			);
			productName = iosApp;
			productReference = 7555FF7B242A565900829871 /* E-Motion.app */;
			productType = "com.apple.product-type.application";
		};
		9351D1FC2B53A12200148E8D /* E-Motion Dev */ = {
			isa = PBXNativeTarget;
			buildConfigurationList = 9351D22A2B53A12200148E8D /* Build configuration list for PBXNativeTarget "E-Motion Dev" */;
			buildPhases = (
				9351D2022B53A12200148E8D /* ShellScript */,
				9351D2032B53A12200148E8D /* Sources */,
				9351D2222B53A12200148E8D /* Frameworks */,
				9351D2262B53A12200148E8D /* Resources */,
			);
			buildRules = (
			);
			dependencies = (
			);
			name = "E-Motion Dev";
			packageProductDependencies = (
				9351D1FD2B53A12200148E8D /* SwiftyJSON */,
				9351D1FF2B53A12200148E8D /* SwiftyJSON */,
				9351D2002B53A12200148E8D /* KeychainSwift */,
			);
			productName = iosApp;
			productReference = 9351D22D2B53A12200148E8D /* E-Motion Dev.app */;
			productType = "com.apple.product-type.application";
		};
/* End PBXNativeTarget section */

/* Begin PBXProject section */
		7555FF73242A565900829871 /* Project object */ = {
			isa = PBXProject;
			attributes = {
				BuildIndependentTargetsInParallel = YES;
				LastSwiftUpdateCheck = 1500;
				LastUpgradeCheck = 1520;
				ORGANIZATIONNAME = team2658;
				TargetAttributes = {
					7555FF7A242A565900829871 = {
						CreatedOnToolsVersion = 11.3.1;
						LastSwiftMigration = 1500;
					};
				};
			};
			buildConfigurationList = 7555FF76242A565900829871 /* Build configuration list for PBXProject "E-Motion" */;
			compatibilityVersion = "Xcode 9.3";
			developmentRegion = en;
			hasScannedForEncodings = 0;
			knownRegions = (
				en,
				Base,
			);
			mainGroup = 7555FF72242A565900829871;
			packageReferences = (
				93344F4B2AFC22010045541A /* XCRemoteSwiftPackageReference "SwiftyJSON" */,
				9351D1C02B4E4DDC00148E8D /* XCRemoteSwiftPackageReference "keychain-swift" */,
			);
			productRefGroup = 7555FF7C242A565900829871 /* Products */;
			projectDirPath = "";
			projectRoot = "";
			targets = (
				7555FF7A242A565900829871 /* E-Motion */,
				9351D1FC2B53A12200148E8D /* E-Motion Dev */,
			);
		};
/* End PBXProject section */

/* Begin PBXResourcesBuildPhase section */
		7555FF79242A565900829871 /* Resources */ = {
			isa = PBXResourcesBuildPhase;
			buildActionMask = 2147483647;
			files = (
				058557D9273AAEEB004C7B11 /* Preview Assets.xcassets in Resources */,
				058557BB273AAA24004C7B11 /* Assets.xcassets in Resources */,
				93DB394D2AF9701000F257BE /* LaunchScreen.storyboard in Resources */,
			);
			runOnlyForDeploymentPostprocessing = 0;
		};
		9351D2262B53A12200148E8D /* Resources */ = {
			isa = PBXResourcesBuildPhase;
			buildActionMask = 2147483647;
			files = (
				9351D2272B53A12200148E8D /* Preview Assets.xcassets in Resources */,
				9351D2282B53A12200148E8D /* Assets.xcassets in Resources */,
				9351D2292B53A12200148E8D /* LaunchScreen.storyboard in Resources */,
			);
			runOnlyForDeploymentPostprocessing = 0;
		};
/* End PBXResourcesBuildPhase section */

/* Begin PBXShellScriptBuildPhase section */
		7555FFB5242A651A00829871 /* ShellScript */ = {
			isa = PBXShellScriptBuildPhase;
			alwaysOutOfDate = 1;
			buildActionMask = 2147483647;
			files = (
			);
			inputFileListPaths = (
			);
			inputPaths = (
			);
			outputFileListPaths = (
			);
			outputPaths = (
			);
			runOnlyForDeploymentPostprocessing = 0;
			shellPath = /bin/sh;
			shellScript = "cd \"$SRCROOT/..\"\n./gradlew :shared:embedAndSignAppleFrameworkForXcode\n";
		};
		9351D2022B53A12200148E8D /* ShellScript */ = {
			isa = PBXShellScriptBuildPhase;
			alwaysOutOfDate = 1;
			buildActionMask = 2147483647;
			files = (
			);
			inputFileListPaths = (
			);
			inputPaths = (
			);
			outputFileListPaths = (
			);
			outputPaths = (
			);
			runOnlyForDeploymentPostprocessing = 0;
			shellPath = /bin/sh;
			shellScript = "cd \"$SRCROOT/..\"\n./gradlew :shared:embedAndSignAppleFrameworkForXcode\n";
		};
/* End PBXShellScriptBuildPhase section */

/* Begin PBXSourcesBuildPhase section */
		7555FF77242A565900829871 /* Sources */ = {
			isa = PBXSourcesBuildPhase;
			buildActionMask = 2147483647;
			files = (
				9339CC572B4B5EA9000DA3FC /* MeetingBar.swift in Sources */,
				93418D9B2A5BC3F300336A62 /* SettingsView.swift in Sources */,
				93844FFB2ADB29E1003EE764 /* ChargedUpFormView.swift in Sources */,
				93B9EAD52A5F4FB800D5B8A8 /* AccountCreationView.swift in Sources */,
				93790E392AA921690003203D /* AttendanceView.swift in Sources */,
				93B9EACB2A5E800700D5B8A8 /* HomeView.swift in Sources */,
				93B615162AE715F900732A3F /* helpfulVars.swift in Sources */,
				9339CC5A2B4B6125000DA3FC /* MeetingCreationView.swift in Sources */,
				9351D1FA2B50032900148E8D /* NFCReader.swift in Sources */,
				93418DE62A5E362D00336A62 /* UserBar.swift in Sources */,
				93418DE42A5E362600336A62 /* UserView.swift in Sources */,
				93B9EAA82A5E5BA900D5B8A8 /* BugReportView.swift in Sources */,
				93B9EAC92A5E781D00D5B8A8 /* DirectoryBar.swift in Sources */,
				934A04D62B54DA0D00B2D145 /* DateHelpers.swift in Sources */,
				93B9EAC32A5E778C00D5B8A8 /* DirectoryView.swift in Sources */,
				93719C882AC0B35300E29446 /* CircularProgressView.swift in Sources */,
				93418D9D2A5BC4D100336A62 /* ScoutingView.swift in Sources */,
				93B9EAED2A67211600D5B8A8 /* ForgotPasswordView.swift in Sources */,
				93B615502AEA163200732A3F /* NFCButton.swift in Sources */,
				9351D1F72B4F500300148E8D /* MeetingView.swift in Sources */,
				93B9EAD12A5F387A00D5B8A8 /* LoginView.swift in Sources */,
				93B9EAAA2A5E5BD500D5B8A8 /* AccountView.swift in Sources */,
				93B9EACF2A5E803100D5B8A8 /* ScoutingFormView.swift in Sources */,
				2152FB042600AC8F00CF470E /* iOSApp.swift in Sources */,
				9351D1F42B4F4D9500148E8D /* VerifyUsersView.swift in Sources */,
				9339CC5D2B4C7368000DA3FC /* AttendedMeetingsView.swift in Sources */,
				9339CC542B4B5DAB000DA3FC /* MeetingsListView.swift in Sources */,
				9339CC502B4B526D000DA3FC /* NFCWriter.swift in Sources */,
				93B9EAE62A65E0FA00D5B8A8 /* UserStateViewModel.swift in Sources */,
				934F47272B413AF0009DA4FA /* AuthenticationView.swift in Sources */,
			);
			runOnlyForDeploymentPostprocessing = 0;
		};
		9351D2032B53A12200148E8D /* Sources */ = {
			isa = PBXSourcesBuildPhase;
			buildActionMask = 2147483647;
			files = (
				9351D2042B53A12200148E8D /* MeetingBar.swift in Sources */,
				9351D2052B53A12200148E8D /* SettingsView.swift in Sources */,
				9351D2062B53A12200148E8D /* ChargedUpFormView.swift in Sources */,
				9351D2072B53A12200148E8D /* AccountCreationView.swift in Sources */,
				9351D2082B53A12200148E8D /* AttendanceView.swift in Sources */,
				9351D2092B53A12200148E8D /* HomeView.swift in Sources */,
				9351D20A2B53A12200148E8D /* helpfulVars.swift in Sources */,
				9351D20B2B53A12200148E8D /* MeetingCreationView.swift in Sources */,
				9351D20C2B53A12200148E8D /* NFCReader.swift in Sources */,
				9351D20D2B53A12200148E8D /* UserBar.swift in Sources */,
				9351D20E2B53A12200148E8D /* UserView.swift in Sources */,
				9351D20F2B53A12200148E8D /* BugReportView.swift in Sources */,
				9351D2102B53A12200148E8D /* DirectoryBar.swift in Sources */,
				934A04D72B54DA0D00B2D145 /* DateHelpers.swift in Sources */,
				9351D2112B53A12200148E8D /* DirectoryView.swift in Sources */,
				9351D2122B53A12200148E8D /* CircularProgressView.swift in Sources */,
				9351D2132B53A12200148E8D /* ScoutingView.swift in Sources */,
				9351D2142B53A12200148E8D /* ForgotPasswordView.swift in Sources */,
				9351D2152B53A12200148E8D /* NFCButton.swift in Sources */,
				9351D2162B53A12200148E8D /* MeetingView.swift in Sources */,
				9351D2172B53A12200148E8D /* LoginView.swift in Sources */,
				9351D2182B53A12200148E8D /* AccountView.swift in Sources */,
				9351D2192B53A12200148E8D /* ScoutingFormView.swift in Sources */,
				9351D21A2B53A12200148E8D /* iOSApp.swift in Sources */,
				9351D21C2B53A12200148E8D /* VerifyUsersView.swift in Sources */,
				9351D21D2B53A12200148E8D /* AttendedMeetingsView.swift in Sources */,
				9351D21E2B53A12200148E8D /* MeetingsListView.swift in Sources */,
				9351D21F2B53A12200148E8D /* NFCWriter.swift in Sources */,
				9351D2202B53A12200148E8D /* UserStateViewModel.swift in Sources */,
				9351D2212B53A12200148E8D /* AuthenticationView.swift in Sources */,
			);
			runOnlyForDeploymentPostprocessing = 0;
		};
/* End PBXSourcesBuildPhase section */

/* Begin XCBuildConfiguration section */
		7555FFA3242A565B00829871 /* Debug */ = {
			isa = XCBuildConfiguration;
			buildSettings = {
				ALWAYS_SEARCH_USER_PATHS = NO;
				ASSETCATALOG_COMPILER_GENERATE_SWIFT_ASSET_SYMBOL_EXTENSIONS = YES;
				CLANG_ANALYZER_NONNULL = YES;
				CLANG_ANALYZER_NUMBER_OBJECT_CONVERSION = YES_AGGRESSIVE;
				CLANG_CXX_LANGUAGE_STANDARD = "gnu++14";
				CLANG_CXX_LIBRARY = "libc++";
				CLANG_ENABLE_MODULES = YES;
				CLANG_ENABLE_OBJC_ARC = YES;
				CLANG_ENABLE_OBJC_WEAK = YES;
				CLANG_WARN_BLOCK_CAPTURE_AUTORELEASING = YES;
				CLANG_WARN_BOOL_CONVERSION = YES;
				CLANG_WARN_COMMA = YES;
				CLANG_WARN_CONSTANT_CONVERSION = YES;
				CLANG_WARN_DEPRECATED_OBJC_IMPLEMENTATIONS = YES;
				CLANG_WARN_DIRECT_OBJC_ISA_USAGE = YES_ERROR;
				CLANG_WARN_DOCUMENTATION_COMMENTS = YES;
				CLANG_WARN_EMPTY_BODY = YES;
				CLANG_WARN_ENUM_CONVERSION = YES;
				CLANG_WARN_INFINITE_RECURSION = YES;
				CLANG_WARN_INT_CONVERSION = YES;
				CLANG_WARN_NON_LITERAL_NULL_CONVERSION = YES;
				CLANG_WARN_OBJC_IMPLICIT_RETAIN_SELF = YES;
				CLANG_WARN_OBJC_LITERAL_CONVERSION = YES;
				CLANG_WARN_OBJC_ROOT_CLASS = YES_ERROR;
				CLANG_WARN_QUOTED_INCLUDE_IN_FRAMEWORK_HEADER = YES;
				CLANG_WARN_RANGE_LOOP_ANALYSIS = YES;
				CLANG_WARN_STRICT_PROTOTYPES = YES;
				CLANG_WARN_SUSPICIOUS_MOVE = YES;
				CLANG_WARN_UNGUARDED_AVAILABILITY = YES_AGGRESSIVE;
				CLANG_WARN_UNREACHABLE_CODE = YES;
				CLANG_WARN__DUPLICATE_METHOD_MATCH = YES;
				COPY_PHASE_STRIP = NO;
				DEBUG_INFORMATION_FORMAT = "dwarf-with-dsym";
				ENABLE_STRICT_OBJC_MSGSEND = YES;
				ENABLE_TESTABILITY = YES;
				ENABLE_USER_SCRIPT_SANDBOXING = YES;
				GCC_C_LANGUAGE_STANDARD = gnu11;
				GCC_DYNAMIC_NO_PIC = NO;
				GCC_NO_COMMON_BLOCKS = YES;
				GCC_OPTIMIZATION_LEVEL = 0;
				GCC_PREPROCESSOR_DEFINITIONS = (
					"DEBUG=1",
					"$(inherited)",
				);
				GCC_WARN_64_TO_32_BIT_CONVERSION = YES;
				GCC_WARN_ABOUT_RETURN_TYPE = YES_ERROR;
				GCC_WARN_UNDECLARED_SELECTOR = YES;
				GCC_WARN_UNINITIALIZED_AUTOS = YES_AGGRESSIVE;
				GCC_WARN_UNUSED_FUNCTION = YES;
				GCC_WARN_UNUSED_VARIABLE = YES;
				IPHONEOS_DEPLOYMENT_TARGET = 16.0;
				MTL_ENABLE_DEBUG_INFO = INCLUDE_SOURCE;
				MTL_FAST_MATH = YES;
				ONLY_ACTIVE_ARCH = YES;
				SDKROOT = iphoneos;
				SWIFT_ACTIVE_COMPILATION_CONDITIONS = DEBUG;
				SWIFT_OPTIMIZATION_LEVEL = "-Onone";
			};
			name = Debug;
		};
		7555FFA4242A565B00829871 /* Release */ = {
			isa = XCBuildConfiguration;
			buildSettings = {
				ALWAYS_SEARCH_USER_PATHS = NO;
				ASSETCATALOG_COMPILER_GENERATE_SWIFT_ASSET_SYMBOL_EXTENSIONS = YES;
				CLANG_ANALYZER_NONNULL = YES;
				CLANG_ANALYZER_NUMBER_OBJECT_CONVERSION = YES_AGGRESSIVE;
				CLANG_CXX_LANGUAGE_STANDARD = "gnu++14";
				CLANG_CXX_LIBRARY = "libc++";
				CLANG_ENABLE_MODULES = YES;
				CLANG_ENABLE_OBJC_ARC = YES;
				CLANG_ENABLE_OBJC_WEAK = YES;
				CLANG_WARN_BLOCK_CAPTURE_AUTORELEASING = YES;
				CLANG_WARN_BOOL_CONVERSION = YES;
				CLANG_WARN_COMMA = YES;
				CLANG_WARN_CONSTANT_CONVERSION = YES;
				CLANG_WARN_DEPRECATED_OBJC_IMPLEMENTATIONS = YES;
				CLANG_WARN_DIRECT_OBJC_ISA_USAGE = YES_ERROR;
				CLANG_WARN_DOCUMENTATION_COMMENTS = YES;
				CLANG_WARN_EMPTY_BODY = YES;
				CLANG_WARN_ENUM_CONVERSION = YES;
				CLANG_WARN_INFINITE_RECURSION = YES;
				CLANG_WARN_INT_CONVERSION = YES;
				CLANG_WARN_NON_LITERAL_NULL_CONVERSION = YES;
				CLANG_WARN_OBJC_IMPLICIT_RETAIN_SELF = YES;
				CLANG_WARN_OBJC_LITERAL_CONVERSION = YES;
				CLANG_WARN_OBJC_ROOT_CLASS = YES_ERROR;
				CLANG_WARN_QUOTED_INCLUDE_IN_FRAMEWORK_HEADER = YES;
				CLANG_WARN_RANGE_LOOP_ANALYSIS = YES;
				CLANG_WARN_STRICT_PROTOTYPES = YES;
				CLANG_WARN_SUSPICIOUS_MOVE = YES;
				CLANG_WARN_UNGUARDED_AVAILABILITY = YES_AGGRESSIVE;
				CLANG_WARN_UNREACHABLE_CODE = YES;
				CLANG_WARN__DUPLICATE_METHOD_MATCH = YES;
				COPY_PHASE_STRIP = NO;
				DEBUG_INFORMATION_FORMAT = "dwarf-with-dsym";
				ENABLE_NS_ASSERTIONS = NO;
				ENABLE_STRICT_OBJC_MSGSEND = YES;
				ENABLE_USER_SCRIPT_SANDBOXING = YES;
				GCC_C_LANGUAGE_STANDARD = gnu11;
				GCC_NO_COMMON_BLOCKS = YES;
				GCC_WARN_64_TO_32_BIT_CONVERSION = YES;
				GCC_WARN_ABOUT_RETURN_TYPE = YES_ERROR;
				GCC_WARN_UNDECLARED_SELECTOR = YES;
				GCC_WARN_UNINITIALIZED_AUTOS = YES_AGGRESSIVE;
				GCC_WARN_UNUSED_FUNCTION = YES;
				GCC_WARN_UNUSED_VARIABLE = YES;
				IPHONEOS_DEPLOYMENT_TARGET = 16.0;
				MTL_ENABLE_DEBUG_INFO = NO;
				MTL_FAST_MATH = YES;
				SDKROOT = iphoneos;
				SWIFT_COMPILATION_MODE = wholemodule;
				SWIFT_OPTIMIZATION_LEVEL = "-O";
				VALIDATE_PRODUCT = YES;
			};
			name = Release;
		};
		7555FFA6242A565B00829871 /* Debug */ = {
			isa = XCBuildConfiguration;
			buildSettings = {
				ASSETCATALOG_COMPILER_APPICON_NAME = AppIcon;
				ASSETCATALOG_COMPILER_INCLUDE_ALL_APPICON_ASSETS = YES;
				CLANG_ENABLE_MODULES = YES;
				CODE_SIGN_ENTITLEMENTS = "Σ-Motion.entitlements";
				CODE_SIGN_STYLE = Automatic;
				DEVELOPMENT_ASSET_PATHS = "\"iosApp/Preview Content\"";
				DEVELOPMENT_TEAM = 7L23FMFWGW;
				ENABLE_PREVIEWS = YES;
				ENABLE_USER_SCRIPT_SANDBOXING = NO;
				FRAMEWORK_SEARCH_PATHS = (
					"$(inherited)",
					"$(SRCROOT)/../shared/build/xcode-frameworks/$(CONFIGURATION)/$(SDK_NAME)",
				);
				INFOPLIST_FILE = iosApp/Info.plist;
				INFOPLIST_KEY_CFBundleDisplayName = "E-Motion";
				INFOPLIST_KEY_LSApplicationCategoryType = "public.app-category.utilities";
				IPHONEOS_DEPLOYMENT_TARGET = 16.0;
				LD_RUNPATH_SEARCH_PATHS = (
					"$(inherited)",
					"@executable_path/Frameworks",
				);
				OTHER_LDFLAGS = (
					"$(inherited)",
					"-framework",
					shared,
				);
				PRODUCT_BUNDLE_IDENTIFIER = org.team2658.scouting;
				PRODUCT_NAME = "$(TARGET_NAME)";
				SUPPORTED_PLATFORMS = "iphoneos iphonesimulator";
				SUPPORTS_MACCATALYST = NO;
				SUPPORTS_MAC_DESIGNED_FOR_IPHONE_IPAD = YES;
				SUPPORTS_XR_DESIGNED_FOR_IPHONE_IPAD = NO;
				SWIFT_OPTIMIZATION_LEVEL = "-Onone";
				SWIFT_VERSION = 5.0;
				TARGETED_DEVICE_FAMILY = "1,2";
			};
			name = Debug;
		};
		7555FFA7242A565B00829871 /* Release */ = {
			isa = XCBuildConfiguration;
			buildSettings = {
				ASSETCATALOG_COMPILER_APPICON_NAME = AppIcon;
				ASSETCATALOG_COMPILER_INCLUDE_ALL_APPICON_ASSETS = YES;
				CLANG_ENABLE_MODULES = YES;
				CODE_SIGN_ENTITLEMENTS = "Σ-Motion.entitlements";
				CODE_SIGN_STYLE = Automatic;
				DEVELOPMENT_ASSET_PATHS = "\"iosApp/Preview Content\"";
				DEVELOPMENT_TEAM = 7L23FMFWGW;
				ENABLE_PREVIEWS = YES;
				ENABLE_USER_SCRIPT_SANDBOXING = NO;
				FRAMEWORK_SEARCH_PATHS = (
					"$(inherited)",
					"$(SRCROOT)/../shared/build/xcode-frameworks/$(CONFIGURATION)/$(SDK_NAME)",
				);
				INFOPLIST_FILE = iosApp/Info.plist;
				INFOPLIST_KEY_CFBundleDisplayName = "E-Motion";
				INFOPLIST_KEY_LSApplicationCategoryType = "public.app-category.utilities";
				IPHONEOS_DEPLOYMENT_TARGET = 16.0;
				LD_RUNPATH_SEARCH_PATHS = (
					"$(inherited)",
					"@executable_path/Frameworks",
				);
				OTHER_LDFLAGS = (
					"$(inherited)",
					"-framework",
					shared,
				);
				PRODUCT_BUNDLE_IDENTIFIER = org.team2658.scouting;
				PRODUCT_NAME = "$(TARGET_NAME)";
				SUPPORTED_PLATFORMS = "iphoneos iphonesimulator";
				SUPPORTS_MACCATALYST = NO;
				SUPPORTS_MAC_DESIGNED_FOR_IPHONE_IPAD = YES;
				SUPPORTS_XR_DESIGNED_FOR_IPHONE_IPAD = NO;
				SWIFT_VERSION = 5.0;
				TARGETED_DEVICE_FAMILY = "1,2";
			};
			name = Release;
		};
		9351D22B2B53A12200148E8D /* Debug */ = {
			isa = XCBuildConfiguration;
			buildSettings = {
				ASSETCATALOG_COMPILER_APPICON_NAME = AppIconDev;
				ASSETCATALOG_COMPILER_INCLUDE_ALL_APPICON_ASSETS = YES;
				CLANG_ENABLE_MODULES = YES;
				CODE_SIGN_ENTITLEMENTS = "Σ-Motion.entitlements";
				CODE_SIGN_STYLE = Automatic;
				DEVELOPMENT_ASSET_PATHS = "\"iosApp/Preview Content\"";
				DEVELOPMENT_TEAM = 7L23FMFWGW;
				ENABLE_PREVIEWS = YES;
				ENABLE_USER_SCRIPT_SANDBOXING = NO;
				FRAMEWORK_SEARCH_PATHS = (
					"$(inherited)",
					"$(SRCROOT)/../shared/build/xcode-frameworks/$(CONFIGURATION)/$(SDK_NAME)",
				);
				INFOPLIST_FILE = "E-Motion copy-Info.plist";
				INFOPLIST_KEY_CFBundleDisplayName = "E-Motion";
				INFOPLIST_KEY_LSApplicationCategoryType = "public.app-category.utilities";
				IPHONEOS_DEPLOYMENT_TARGET = 16.0;
				LD_RUNPATH_SEARCH_PATHS = (
					"$(inherited)",
					"@executable_path/Frameworks",
				);
				OTHER_LDFLAGS = (
					"$(inherited)",
					"-framework",
					shared,
				);
				PRODUCT_BUNDLE_IDENTIFIER = "org.team2658.scouting-dev";
				PRODUCT_NAME = "$(TARGET_NAME)";
				SUPPORTED_PLATFORMS = "iphoneos iphonesimulator";
				SUPPORTS_MACCATALYST = NO;
				SUPPORTS_MAC_DESIGNED_FOR_IPHONE_IPAD = NO;
				SUPPORTS_XR_DESIGNED_FOR_IPHONE_IPAD = NO;
				SWIFT_OPTIMIZATION_LEVEL = "-Onone";
				SWIFT_VERSION = 5.0;
				TARGETED_DEVICE_FAMILY = 1;
			};
			name = Debug;
		};
		9351D22C2B53A12200148E8D /* Release */ = {
			isa = XCBuildConfiguration;
			buildSettings = {
				ASSETCATALOG_COMPILER_APPICON_NAME = AppIconDev;
				ASSETCATALOG_COMPILER_INCLUDE_ALL_APPICON_ASSETS = YES;
				CLANG_ENABLE_MODULES = YES;
				CODE_SIGN_ENTITLEMENTS = "Σ-Motion.entitlements";
				CODE_SIGN_STYLE = Automatic;
				DEVELOPMENT_ASSET_PATHS = "\"iosApp/Preview Content\"";
				DEVELOPMENT_TEAM = 7L23FMFWGW;
				ENABLE_PREVIEWS = YES;
				ENABLE_USER_SCRIPT_SANDBOXING = NO;
				FRAMEWORK_SEARCH_PATHS = (
					"$(inherited)",
					"$(SRCROOT)/../shared/build/xcode-frameworks/$(CONFIGURATION)/$(SDK_NAME)",
				);
				INFOPLIST_FILE = "E-Motion copy-Info.plist";
				INFOPLIST_KEY_CFBundleDisplayName = "E-Motion";
				INFOPLIST_KEY_LSApplicationCategoryType = "public.app-category.utilities";
				IPHONEOS_DEPLOYMENT_TARGET = 16.0;
				LD_RUNPATH_SEARCH_PATHS = (
					"$(inherited)",
					"@executable_path/Frameworks",
				);
				OTHER_LDFLAGS = (
					"$(inherited)",
					"-framework",
					shared,
				);
				PRODUCT_BUNDLE_IDENTIFIER = "org.team2658.scouting-dev";
				PRODUCT_NAME = "$(TARGET_NAME)";
				SUPPORTED_PLATFORMS = "iphoneos iphonesimulator";
				SUPPORTS_MACCATALYST = NO;
				SUPPORTS_MAC_DESIGNED_FOR_IPHONE_IPAD = NO;
				SUPPORTS_XR_DESIGNED_FOR_IPHONE_IPAD = NO;
				SWIFT_VERSION = 5.0;
				TARGETED_DEVICE_FAMILY = 1;
			};
			name = Release;
		};
/* End XCBuildConfiguration section */

/* Begin XCConfigurationList section */
		7555FF76242A565900829871 /* Build configuration list for PBXProject "E-Motion" */ = {
			isa = XCConfigurationList;
			buildConfigurations = (
				7555FFA3242A565B00829871 /* Debug */,
				7555FFA4242A565B00829871 /* Release */,
			);
			defaultConfigurationIsVisible = 0;
			defaultConfigurationName = Release;
		};
		7555FFA5242A565B00829871 /* Build configuration list for PBXNativeTarget "E-Motion" */ = {
			isa = XCConfigurationList;
			buildConfigurations = (
				7555FFA6242A565B00829871 /* Debug */,
				7555FFA7242A565B00829871 /* Release */,
			);
			defaultConfigurationIsVisible = 0;
			defaultConfigurationName = Release;
		};
		9351D22A2B53A12200148E8D /* Build configuration list for PBXNativeTarget "E-Motion Dev" */ = {
			isa = XCConfigurationList;
			buildConfigurations = (
				9351D22B2B53A12200148E8D /* Debug */,
				9351D22C2B53A12200148E8D /* Release */,
			);
			defaultConfigurationIsVisible = 0;
			defaultConfigurationName = Release;
		};
/* End XCConfigurationList section */

/* Begin XCRemoteSwiftPackageReference section */
		93344F4B2AFC22010045541A /* XCRemoteSwiftPackageReference "SwiftyJSON" */ = {
			isa = XCRemoteSwiftPackageReference;
			repositoryURL = "https://github.com/SwiftyJSON/SwiftyJSON.git";
			requirement = {
				kind = upToNextMajorVersion;
				minimumVersion = 5.0.1;
			};
		};
		9351D1C02B4E4DDC00148E8D /* XCRemoteSwiftPackageReference "keychain-swift" */ = {
			isa = XCRemoteSwiftPackageReference;
			repositoryURL = "https://github.com/evgenyneu/keychain-swift.git";
			requirement = {
				kind = upToNextMajorVersion;
				minimumVersion = 20.0.0;
			};
		};
		9351D1FE2B53A12200148E8D /* XCRemoteSwiftPackageReference "SwiftyJSON" */ = {
			isa = XCRemoteSwiftPackageReference;
			repositoryURL = "https://github.com/SwiftyJSON/SwiftyJSON.git";
			requirement = {
				kind = upToNextMajorVersion;
				minimumVersion = 5.0.1;
			};
		};
		9351D2012B53A12200148E8D /* XCRemoteSwiftPackageReference "keychain-swift" */ = {
			isa = XCRemoteSwiftPackageReference;
			repositoryURL = "https://github.com/evgenyneu/keychain-swift.git";
			requirement = {
				kind = upToNextMajorVersion;
				minimumVersion = 20.0.0;
			};
		};
/* End XCRemoteSwiftPackageReference section */

/* Begin XCSwiftPackageProductDependency section */
		932B1E052B3F669C00CAC851 /* SwiftyJSON */ = {
			isa = XCSwiftPackageProductDependency;
			package = 93344F4B2AFC22010045541A /* XCRemoteSwiftPackageReference "SwiftyJSON" */;
			productName = SwiftyJSON;
		};
		93344F4C2AFC22010045541A /* SwiftyJSON */ = {
			isa = XCSwiftPackageProductDependency;
			package = 93344F4B2AFC22010045541A /* XCRemoteSwiftPackageReference "SwiftyJSON" */;
			productName = SwiftyJSON;
		};
		9351D1C12B4E4DDC00148E8D /* KeychainSwift */ = {
			isa = XCSwiftPackageProductDependency;
			package = 9351D1C02B4E4DDC00148E8D /* XCRemoteSwiftPackageReference "keychain-swift" */;
			productName = KeychainSwift;
		};
		9351D1FD2B53A12200148E8D /* SwiftyJSON */ = {
			isa = XCSwiftPackageProductDependency;
			package = 9351D1FE2B53A12200148E8D /* XCRemoteSwiftPackageReference "SwiftyJSON" */;
			productName = SwiftyJSON;
		};
		9351D1FF2B53A12200148E8D /* SwiftyJSON */ = {
			isa = XCSwiftPackageProductDependency;
			package = 9351D1FE2B53A12200148E8D /* XCRemoteSwiftPackageReference "SwiftyJSON" */;
			productName = SwiftyJSON;
		};
		9351D2002B53A12200148E8D /* KeychainSwift */ = {
			isa = XCSwiftPackageProductDependency;
			package = 9351D2012B53A12200148E8D /* XCRemoteSwiftPackageReference "keychain-swift" */;
			productName = KeychainSwift;
		};
/* End XCSwiftPackageProductDependency section */
	};
	rootObject = 7555FF73242A565900829871 /* Project object */;
}
